
Microsoft Visual Studio Solution File, Format Version 12.00
# Visual Studio 15
VisualStudioVersion = 15.0.28010.2016
MinimumVisualStudioVersion = 10.0.40219.1
Project("{FAE04EC0-301F-11D3-BF4B-00C04F79EFBC}") = "7", "7\7.csproj", "{565920A1-136D-4AA1-ACCE-9E608613F1BA}"
EndProject
Global
	GlobalSection(SolutionConfigurationPlatforms) = preSolution
		Debug|Any CPU = Debug|Any CPU
		Release|Any CPU = Release|Any CPU
	EndGlobalSection
	GlobalSection(ProjectConfigurationPlatforms) = postSolution
		{565920A1-136D-4AA1-ACCE-9E608613F1BA}.Debug|Any CPU.ActiveCfg = Debug|Any CPU
		{565920A1-136D-4AA1-ACCE-9E608613F1BA}.Debug|Any CPU.Build.0 = Debug|Any CPU
		{565920A1-136D-4AA1-ACCE-9E608613F1BA}.Release|Any CPU.ActiveCfg = Release|Any CPU
		{565920A1-136D-4AA1-ACCE-9E608613F1BA}.Release|Any CPU.Build.0 = Release|Any CPU
	EndGlobalSection
	GlobalSection(SolutionProperties) = preSolution
		HideSolutionNode = FALSE
	EndGlobalSection
	GlobalSection(ExtensibilityGlobals) = postSolution
		SolutionGuid = {7BFD9F1B-BB7C-4C8F-A868-19A5259D9887}
	EndGlobalSection
EndGlobal
