
Microsoft Visual Studio Solution File, Format Version 12.00
# Visual Studio 15
VisualStudioVersion = 15.0.28010.2016
MinimumVisualStudioVersion = 10.0.40219.1
Project("{FAE04EC0-301F-11D3-BF4B-00C04F79EFBC}") = "9", "9\9.csproj", "{090E1DAA-D914-4761-A44E-24BD97BAB7D6}"
EndProject
Global
	GlobalSection(SolutionConfigurationPlatforms) = preSolution
		Debug|Any CPU = Debug|Any CPU
		Release|Any CPU = Release|Any CPU
	EndGlobalSection
	GlobalSection(ProjectConfigurationPlatforms) = postSolution
		{090E1DAA-D914-4761-A44E-24BD97BAB7D6}.Debug|Any CPU.ActiveCfg = Debug|Any CPU
		{090E1DAA-D914-4761-A44E-24BD97BAB7D6}.Debug|Any CPU.Build.0 = Debug|Any CPU
		{090E1DAA-D914-4761-A44E-24BD97BAB7D6}.Release|Any CPU.ActiveCfg = Release|Any CPU
		{090E1DAA-D914-4761-A44E-24BD97BAB7D6}.Release|Any CPU.Build.0 = Release|Any CPU
	EndGlobalSection
	GlobalSection(SolutionProperties) = preSolution
		HideSolutionNode = FALSE
	EndGlobalSection
	GlobalSection(ExtensibilityGlobals) = postSolution
		SolutionGuid = {5275A9D6-F2EC-47B3-9CC3-93D4C8969236}
	EndGlobalSection
EndGlobal
