
Microsoft Visual Studio Solution File, Format Version 12.00
# Visual Studio 15
VisualStudioVersion = 15.0.28010.2016
MinimumVisualStudioVersion = 10.0.40219.1
Project("{FAE04EC0-301F-11D3-BF4B-00C04F79EFBC}") = "12", "12\12.csproj", "{FD84C118-DFBF-4967-9F5D-294427BCB7BF}"
EndProject
Global
	GlobalSection(SolutionConfigurationPlatforms) = preSolution
		Debug|Any CPU = Debug|Any CPU
		Release|Any CPU = Release|Any CPU
	EndGlobalSection
	GlobalSection(ProjectConfigurationPlatforms) = postSolution
		{FD84C118-DFBF-4967-9F5D-294427BCB7BF}.Debug|Any CPU.ActiveCfg = Debug|Any CPU
		{FD84C118-DFBF-4967-9F5D-294427BCB7BF}.Debug|Any CPU.Build.0 = Debug|Any CPU
		{FD84C118-DFBF-4967-9F5D-294427BCB7BF}.Release|Any CPU.ActiveCfg = Release|Any CPU
		{FD84C118-DFBF-4967-9F5D-294427BCB7BF}.Release|Any CPU.Build.0 = Release|Any CPU
	EndGlobalSection
	GlobalSection(SolutionProperties) = preSolution
		HideSolutionNode = FALSE
	EndGlobalSection
	GlobalSection(ExtensibilityGlobals) = postSolution
		SolutionGuid = {63E35AFD-267D-475F-A04C-FD496F574343}
	EndGlobalSection
EndGlobal
