
Microsoft Visual Studio Solution File, Format Version 12.00
# Visual Studio 15
VisualStudioVersion = 15.0.28010.2016
MinimumVisualStudioVersion = 10.0.40219.1
Project("{FAE04EC0-301F-11D3-BF4B-00C04F79EFBC}") = "5", "5\5.csproj", "{2452DEBC-9A59-4A15-B06A-AEAE5EA2151F}"
EndProject
Global
	GlobalSection(SolutionConfigurationPlatforms) = preSolution
		Debug|Any CPU = Debug|Any CPU
		Release|Any CPU = Release|Any CPU
	EndGlobalSection
	GlobalSection(ProjectConfigurationPlatforms) = postSolution
		{2452DEBC-9A59-4A15-B06A-AEAE5EA2151F}.Debug|Any CPU.ActiveCfg = Debug|Any CPU
		{2452DEBC-9A59-4A15-B06A-AEAE5EA2151F}.Debug|Any CPU.Build.0 = Debug|Any CPU
		{2452DEBC-9A59-4A15-B06A-AEAE5EA2151F}.Release|Any CPU.ActiveCfg = Release|Any CPU
		{2452DEBC-9A59-4A15-B06A-AEAE5EA2151F}.Release|Any CPU.Build.0 = Release|Any CPU
	EndGlobalSection
	GlobalSection(SolutionProperties) = preSolution
		HideSolutionNode = FALSE
	EndGlobalSection
	GlobalSection(ExtensibilityGlobals) = postSolution
		SolutionGuid = {DD80B648-D0C7-4DC1-A2C1-C2C5268D5E13}
	EndGlobalSection
EndGlobal
